// !$*UTF8*$!
{
	archiveVersion = 1;
	classes = {
	};
	objectVersion = 46;
	objects = {

/* Begin PBXBuildFile section */
		AA52C1851AC14F68006C1F17 /* AppDelegate.swift in Sources */ = {isa = PBXBuildFile; fileRef = AA52C1841AC14F68006C1F17 /* AppDelegate.swift */; };
		AA52C1871AC14F68006C1F17 /* ViewController.swift in Sources */ = {isa = PBXBuildFile; fileRef = AA52C1861AC14F68006C1F17 /* ViewController.swift */; };
		AA52C18A1AC14F68006C1F17 /* Main.storyboard in Resources */ = {isa = PBXBuildFile; fileRef = AA52C1881AC14F68006C1F17 /* Main.storyboard */; };
		AA52C18C1AC14F68006C1F17 /* Images.xcassets in Resources */ = {isa = PBXBuildFile; fileRef = AA52C18B1AC14F68006C1F17 /* Images.xcassets */; };
		AA52C18F1AC14F68006C1F17 /* LaunchScreen.xib in Resources */ = {isa = PBXBuildFile; fileRef = AA52C18D1AC14F68006C1F17 /* LaunchScreen.xib */; };
		AA52C19B1AC14F68006C1F17 /* TipCalculatorTests.swift in Sources */ = {isa = PBXBuildFile; fileRef = AA52C19A1AC14F68006C1F17 /* TipCalculatorTests.swift */; };
		AA52C1A51AC14FBB006C1F17 /* TipCalculatorModel.swift in Sources */ = {isa = PBXBuildFile; fileRef = AA52C1A41AC14FBA006C1F17 /* TipCalculatorModel.swift */; };
/* End PBXBuildFile section */

/* Begin PBXContainerItemProxy section */
		AA52C1951AC14F68006C1F17 /* PBXContainerItemProxy */ = {
			isa = PBXContainerItemProxy;
			containerPortal = AA52C1771AC14F68006C1F17 /* Project object */;
			proxyType = 1;
			remoteGlobalIDString = AA52C17E1AC14F68006C1F17;
			remoteInfo = TipCalculator;
		};
/* End PBXContainerItemProxy section */

/* Begin PBXFileReference section */
		AA52C17F1AC14F68006C1F17 /* TipCalculator.app */ = {isa = PBXFileReference; explicitFileType = wrapper.application; includeInIndex = 0; path = TipCalculator.app; sourceTree = BUILT_PRODUCTS_DIR; };
		AA52C1831AC14F68006C1F17 /* Info.plist */ = {isa = PBXFileReference; lastKnownFileType = text.plist.xml; path = Info.plist; sourceTree = "<group>"; };
		AA52C1841AC14F68006C1F17 /* AppDelegate.swift */ = {isa = PBXFileReference; lastKnownFileType = sourcecode.swift; path = AppDelegate.swift; sourceTree = "<group>"; };
		AA52C1861AC14F68006C1F17 /* ViewController.swift */ = {isa = PBXFileReference; lastKnownFileType = sourcecode.swift; path = ViewController.swift; sourceTree = "<group>"; };
		AA52C1891AC14F68006C1F17 /* Base */ = {isa = PBXFileReference; lastKnownFileType = file.storyboard; name = Base; path = Base.lproj/Main.storyboard; sourceTree = "<group>"; };
		AA52C18B1AC14F68006C1F17 /* Images.xcassets */ = {isa = PBXFileReference; lastKnownFileType = folder.assetcatalog; path = Images.xcassets; sourceTree = "<group>"; };
		AA52C18E1AC14F68006C1F17 /* Base */ = {isa = PBXFileReference; lastKnownFileType = file.xib; name = Base; path = Base.lproj/LaunchScreen.xib; sourceTree = "<group>"; };
		AA52C1941AC14F68006C1F17 /* TipCalculatorTests.xctest */ = {isa = PBXFileReference; explicitFileType = wrapper.cfbundle; includeInIndex = 0; path = TipCalculatorTests.xctest; sourceTree = BUILT_PRODUCTS_DIR; };
		AA52C1991AC14F68006C1F17 /* Info.plist */ = {isa = PBXFileReference; lastKnownFileType = text.plist.xml; path = Info.plist; sourceTree = "<group>"; };
		AA52C19A1AC14F68006C1F17 /* TipCalculatorTests.swift */ = {isa = PBXFileReference; lastKnownFileType = sourcecode.swift; path = TipCalculatorTests.swift; sourceTree = "<group>"; };
		AA52C1A41AC14FBA006C1F17 /* TipCalculatorModel.swift */ = {isa = PBXFileReference; fileEncoding = 4; lastKnownFileType = sourcecode.swift; path = TipCalculatorModel.swift; sourceTree = "<group>"; };
/* End PBXFileReference section */

/* Begin PBXFrameworksBuildPhase section */
		AA52C17C1AC14F68006C1F17 /* Frameworks */ = {
			isa = PBXFrameworksBuildPhase;
			buildActionMask = 2147483647;
			files = (
			);
			runOnlyForDeploymentPostprocessing = 0;
		};
		AA52C1911AC14F68006C1F17 /* Frameworks */ = {
			isa = PBXFrameworksBuildPhase;
			buildActionMask = 2147483647;
			files = (
			);
			runOnlyForDeploymentPostprocessing = 0;
		};
/* End PBXFrameworksBuildPhase section */

/* Begin PBXGroup section */
		AA52C1761AC14F68006C1F17 = {
			isa = PBXGroup;
			children = (
				AA52C1811AC14F68006C1F17 /* TipCalculator */,
				AA52C1971AC14F68006C1F17 /* TipCalculatorTests */,
				AA52C1801AC14F68006C1F17 /* Products */,
			);
			sourceTree = "<group>";
		};
		AA52C1801AC14F68006C1F17 /* Products */ = {
			isa = PBXGroup;
			children = (
				AA52C17F1AC14F68006C1F17 /* TipCalculator.app */,
				AA52C1941AC14F68006C1F17 /* TipCalculatorTests.xctest */,
			);
			name = Products;
			sourceTree = "<group>";
		};
		AA52C1811AC14F68006C1F17 /* TipCalculator */ = {
			isa = PBXGroup;
			children = (
				AA52C1841AC14F68006C1F17 /* AppDelegate.swift */,
				AA52C1861AC14F68006C1F17 /* ViewController.swift */,
				AA52C1A41AC14FBA006C1F17 /* TipCalculatorModel.swift */,
				AA52C1881AC14F68006C1F17 /* Main.storyboard */,
				AA52C18B1AC14F68006C1F17 /* Images.xcassets */,
				AA52C18D1AC14F68006C1F17 /* LaunchScreen.xib */,
				AA52C1821AC14F68006C1F17 /* Supporting Files */,
			);
			path = TipCalculator;
			sourceTree = "<group>";
		};
		AA52C1821AC14F68006C1F17 /* Supporting Files */ = {
			isa = PBXGroup;
			children = (
				AA52C1831AC14F68006C1F17 /* Info.plist */,
			);
			name = "Supporting Files";
			sourceTree = "<group>";
		};
		AA52C1971AC14F68006C1F17 /* TipCalculatorTests */ = {
			isa = PBXGroup;
			children = (
				AA52C19A1AC14F68006C1F17 /* TipCalculatorTests.swift */,
				AA52C1981AC14F68006C1F17 /* Supporting Files */,
			);
			path = TipCalculatorTests;
			sourceTree = "<group>";
		};
		AA52C1981AC14F68006C1F17 /* Supporting Files */ = {
			isa = PBXGroup;
			children = (
				AA52C1991AC14F68006C1F17 /* Info.plist */,
			);
			name = "Supporting Files";
			sourceTree = "<group>";
		};
/* End PBXGroup section */

/* Begin PBXNativeTarget section */
		AA52C17E1AC14F68006C1F17 /* TipCalculator */ = {
			isa = PBXNativeTarget;
			buildConfigurationList = AA52C19E1AC14F68006C1F17 /* Build configuration list for PBXNativeTarget "TipCalculator" */;
			buildPhases = (
				AA52C17B1AC14F68006C1F17 /* Sources */,
				AA52C17C1AC14F68006C1F17 /* Frameworks */,
				AA52C17D1AC14F68006C1F17 /* Resources */,
			);
			buildRules = (
			);
			dependencies = (
			);
			name = TipCalculator;
			productName = TipCalculator;
			productReference = AA52C17F1AC14F68006C1F17 /* TipCalculator.app */;
			productType = "com.apple.product-type.application";
		};
		AA52C1931AC14F68006C1F17 /* TipCalculatorTests */ = {
			isa = PBXNativeTarget;
			buildConfigurationList = AA52C1A11AC14F68006C1F17 /* Build configuration list for PBXNativeTarget "TipCalculatorTests" */;
			buildPhases = (
				AA52C1901AC14F68006C1F17 /* Sources */,
				AA52C1911AC14F68006C1F17 /* Frameworks */,
				AA52C1921AC14F68006C1F17 /* Resources */,
			);
			buildRules = (
			);
			dependencies = (
				AA52C1961AC14F68006C1F17 /* PBXTargetDependency */,
			);
			name = TipCalculatorTests;
			productName = TipCalculatorTests;
			productReference = AA52C1941AC14F68006C1F17 /* TipCalculatorTests.xctest */;
			productType = "com.apple.product-type.bundle.unit-test";
		};
/* End PBXNativeTarget section */

/* Begin PBXProject section */
		AA52C1771AC14F68006C1F17 /* Project object */ = {
			isa = PBXProject;
			attributes = {
				LastUpgradeCheck = 0620;
				ORGANIZATIONNAME = "Steve Clement";
				TargetAttributes = {
					AA52C17E1AC14F68006C1F17 = {
						CreatedOnToolsVersion = 6.2;
					};
					AA52C1931AC14F68006C1F17 = {
						CreatedOnToolsVersion = 6.2;
						TestTargetID = AA52C17E1AC14F68006C1F17;
					};
				};
			};
			buildConfigurationList = AA52C17A1AC14F68006C1F17 /* Build configuration list for PBXProject "TipCalculator" */;
			compatibilityVersion = "Xcode 3.2";
			developmentRegion = English;
			hasScannedForEncodings = 0;
			knownRegions = (
				en,
				Base,
			);
			mainGroup = AA52C1761AC14F68006C1F17;
			productRefGroup = AA52C1801AC14F68006C1F17 /* Products */;
			projectDirPath = "";
			projectRoot = "";
			targets = (
				AA52C17E1AC14F68006C1F17 /* TipCalculator */,
				AA52C1931AC14F68006C1F17 /* TipCalculatorTests */,
			);
		};
/* End PBXProject section */

/* Begin PBXResourcesBuildPhase section */
		AA52C17D1AC14F68006C1F17 /* Resources */ = {
			isa = PBXResourcesBuildPhase;
			buildActionMask = 2147483647;
			files = (
				AA52C18A1AC14F68006C1F17 /* Main.storyboard in Resources */,
				AA52C18F1AC14F68006C1F17 /* LaunchScreen.xib in Resources */,
				AA52C18C1AC14F68006C1F17 /* Images.xcassets in Resources */,
			);
			runOnlyForDeploymentPostprocessing = 0;
		};
		AA52C1921AC14F68006C1F17 /* Resources */ = {
			isa = PBXResourcesBuildPhase;
			buildActionMask = 2147483647;
			files = (
			);
			runOnlyForDeploymentPostprocessing = 0;
		};
/* End PBXResourcesBuildPhase section */

/* Begin PBXSourcesBuildPhase section */
		AA52C17B1AC14F68006C1F17 /* Sources */ = {
			isa = PBXSourcesBuildPhase;
			buildActionMask = 2147483647;
			files = (
				AA52C1A51AC14FBB006C1F17 /* TipCalculatorModel.swift in Sources */,
				AA52C1871AC14F68006C1F17 /* ViewController.swift in Sources */,
				AA52C1851AC14F68006C1F17 /* AppDelegate.swift in Sources */,
			);
			runOnlyForDeploymentPostprocessing = 0;
		};
		AA52C1901AC14F68006C1F17 /* Sources */ = {
			isa = PBXSourcesBuildPhase;
			buildActionMask = 2147483647;
			files = (
				AA52C19B1AC14F68006C1F17 /* TipCalculatorTests.swift in Sources */,
			);
			runOnlyForDeploymentPostprocessing = 0;
		};
/* End PBXSourcesBuildPhase section */

/* Begin PBXTargetDependency section */
		AA52C1961AC14F68006C1F17 /* PBXTargetDependency */ = {
			isa = PBXTargetDependency;
			target = AA52C17E1AC14F68006C1F17 /* TipCalculator */;
			targetProxy = AA52C1951AC14F68006C1F17 /* PBXContainerItemProxy */;
		};
/* End PBXTargetDependency section */

/* Begin PBXVariantGroup section */
		AA52C1881AC14F68006C1F17 /* Main.storyboard */ = {
			isa = PBXVariantGroup;
			children = (
				AA52C1891AC14F68006C1F17 /* Base */,
			);
			name = Main.storyboard;
			sourceTree = "<group>";
		};
		AA52C18D1AC14F68006C1F17 /* LaunchScreen.xib */ = {
			isa = PBXVariantGroup;
			children = (
				AA52C18E1AC14F68006C1F17 /* Base */,
			);
			name = LaunchScreen.xib;
			sourceTree = "<group>";
		};
/* End PBXVariantGroup section */

/* Begin XCBuildConfiguration section */
		AA52C19C1AC14F68006C1F17 /* Debug */ = {
			isa = XCBuildConfiguration;
			buildSettings = {
				ALWAYS_SEARCH_USER_PATHS = NO;
				CLANG_CXX_LANGUAGE_STANDARD = "gnu++0x";
				CLANG_CXX_LIBRARY = "libc++";
				CLANG_ENABLE_MODULES = YES;
				CLANG_ENABLE_OBJC_ARC = YES;
				CLANG_WARN_BOOL_CONVERSION = YES;
				CLANG_WARN_CONSTANT_CONVERSION = YES;
				CLANG_WARN_DIRECT_OBJC_ISA_USAGE = YES_ERROR;
				CLANG_WARN_EMPTY_BODY = YES;
				CLANG_WARN_ENUM_CONVERSION = YES;
				CLANG_WARN_INT_CONVERSION = YES;
				CLANG_WARN_OBJC_ROOT_CLASS = YES_ERROR;
				CLANG_WARN_UNREACHABLE_CODE = YES;
				CLANG_WARN__DUPLICATE_METHOD_MATCH = YES;
				"CODE_SIGN_IDENTITY[sdk=iphoneos*]" = "iPhone Developer";
				COPY_PHASE_STRIP = NO;
				ENABLE_STRICT_OBJC_MSGSEND = YES;
				GCC_C_LANGUAGE_STANDARD = gnu99;
				GCC_DYNAMIC_NO_PIC = NO;
				GCC_OPTIMIZATION_LEVEL = 0;
				GCC_PREPROCESSOR_DEFINITIONS = (
					"DEBUG=1",
					"$(inherited)",
				);
				GCC_SYMBOLS_PRIVATE_EXTERN = NO;
				GCC_WARN_64_TO_32_BIT_CONVERSION = YES;
				GCC_WARN_ABOUT_RETURN_TYPE = YES_ERROR;
				GCC_WARN_UNDECLARED_SELECTOR = YES;
				GCC_WARN_UNINITIALIZED_AUTOS = YES_AGGRESSIVE;
				GCC_WARN_UNUSED_FUNCTION = YES;
				GCC_WARN_UNUSED_VARIABLE = YES;
				IPHONEOS_DEPLOYMENT_TARGET = 8.2;
				MTL_ENABLE_DEBUG_INFO = YES;
				ONLY_ACTIVE_ARCH = YES;
				SDKROOT = iphoneos;
				SWIFT_OPTIMIZATION_LEVEL = "-Onone";
			};
			name = Debug;
		};
		AA52C19D1AC14F68006C1F17 /* Release */ = {
			isa = XCBuildConfiguration;
			buildSettings = {
				ALWAYS_SEARCH_USER_PATHS = NO;
				CLANG_CXX_LANGUAGE_STANDARD = "gnu++0x";
				CLANG_CXX_LIBRARY = "libc++";
				CLANG_ENABLE_MODULES = YES;
				CLANG_ENABLE_OBJC_ARC = YES;
				CLANG_WARN_BOOL_CONVERSION = YES;
				CLANG_WARN_CONSTANT_CONVERSION = YES;
				CLANG_WARN_DIRECT_OBJC_ISA_USAGE = YES_ERROR;
				CLANG_WARN_EMPTY_BODY = YES;
				CLANG_WARN_ENUM_CONVERSION = YES;
				CLANG_WARN_INT_CONVERSION = YES;
				CLANG_WARN_OBJC_ROOT_CLASS = YES_ERROR;
				CLANG_WARN_UNREACHABLE_CODE = YES;
				CLANG_WARN__DUPLICATE_METHOD_MATCH = YES;
				"CODE_SIGN_IDENTITY[sdk=iphoneos*]" = "iPhone Developer";
				COPY_PHASE_STRIP = NO;
				ENABLE_NS_ASSERTIONS = NO;
				ENABLE_STRICT_OBJC_MSGSEND = YES;
				GCC_C_LANGUAGE_STANDARD = gnu99;
				GCC_WARN_64_TO_32_BIT_CONVERSION = YES;
				GCC_WARN_ABOUT_RETURN_TYPE = YES_ERROR;
				GCC_WARN_UNDECLARED_SELECTOR = YES;
				GCC_WARN_UNINITIALIZED_AUTOS = YES_AGGRESSIVE;
				GCC_WARN_UNUSED_FUNCTION = YES;
				GCC_WARN_UNUSED_VARIABLE = YES;
				IPHONEOS_DEPLOYMENT_TARGET = 8.2;
				MTL_ENABLE_DEBUG_INFO = NO;
				SDKROOT = iphoneos;
				VALIDATE_PRODUCT = YES;
			};
			name = Release;
		};
		AA52C19F1AC14F68006C1F17 /* Debug */ = {
			isa = XCBuildConfiguration;
			buildSettings = {
				ASSETCATALOG_COMPILER_APPICON_NAME = AppIcon;
				INFOPLIST_FILE = TipCalculator/Info.plist;
				LD_RUNPATH_SEARCH_PATHS = "$(inherited) @executable_path/Frameworks";
				PRODUCT_NAME = "$(TARGET_NAME)";
			};
			name = Debug;
		};
		AA52C1A01AC14F68006C1F17 /* Release */ = {
			isa = XCBuildConfiguration;
			buildSettings = {
				ASSETCATALOG_COMPILER_APPICON_NAME = AppIcon;
				INFOPLIST_FILE = TipCalculator/Info.plist;
				LD_RUNPATH_SEARCH_PATHS = "$(inherited) @executable_path/Frameworks";
				PRODUCT_NAME = "$(TARGET_NAME)";
			};
			name = Release;
		};
		AA52C1A21AC14F68006C1F17 /* Debug */ = {
			isa = XCBuildConfiguration;
			buildSettings = {
				BUNDLE_LOADER = "$(TEST_HOST)";
				FRAMEWORK_SEARCH_PATHS = (
					"$(SDKROOT)/Developer/Library/Frameworks",
					"$(inherited)",
				);
				GCC_PREPROCESSOR_DEFINITIONS = (
					"DEBUG=1",
					"$(inherited)",
				);
				INFOPLIST_FILE = TipCalculatorTests/Info.plist;
				LD_RUNPATH_SEARCH_PATHS = "$(inherited) @executable_path/Frameworks @loader_path/Frameworks";
				PRODUCT_NAME = "$(TARGET_NAME)";
				TEST_HOST = "$(BUILT_PRODUCTS_DIR)/TipCalculator.app/TipCalculator";
			};
			name = Debug;
		};
		AA52C1A31AC14F68006C1F17 /* Release */ = {
			isa = XCBuildConfiguration;
			buildSettings = {
				BUNDLE_LOADER = "$(TEST_HOST)";
				FRAMEWORK_SEARCH_PATHS = (
					"$(SDKROOT)/Developer/Library/Frameworks",
					"$(inherited)",
				);
				INFOPLIST_FILE = TipCalculatorTests/Info.plist;
				LD_RUNPATH_SEARCH_PATHS = "$(inherited) @executable_path/Frameworks @loader_path/Frameworks";
				PRODUCT_NAME = "$(TARGET_NAME)";
				TEST_HOST = "$(BUILT_PRODUCTS_DIR)/TipCalculator.app/TipCalculator";
			};
			name = Release;
		};
/* End XCBuildConfiguration section */

/* Begin XCConfigurationList section */
		AA52C17A1AC14F68006C1F17 /* Build configuration list for PBXProject "TipCalculator" */ = {
			isa = XCConfigurationList;
			buildConfigurations = (
				AA52C19C1AC14F68006C1F17 /* Debug */,
				AA52C19D1AC14F68006C1F17 /* Release */,
			);
			defaultConfigurationIsVisible = 0;
			defaultConfigurationName = Release;
		};
		AA52C19E1AC14F68006C1F17 /* Build configuration list for PBXNativeTarget "TipCalculator" */ = {
			isa = XCConfigurationList;
			buildConfigurations = (
				AA52C19F1AC14F68006C1F17 /* Debug */,
				AA52C1A01AC14F68006C1F17 /* Release */,
			);
			defaultConfigurationIsVisible = 0;
		};
		AA52C1A11AC14F68006C1F17 /* Build configuration list for PBXNativeTarget "TipCalculatorTests" */ = {
			isa = XCConfigurationList;
			buildConfigurations = (
				AA52C1A21AC14F68006C1F17 /* Debug */,
				AA52C1A31AC14F68006C1F17 /* Release */,
			);
			defaultConfigurationIsVisible = 0;
		};
/* End XCConfigurationList section */
	};
	rootObject = AA52C1771AC14F68006C1F17 /* Project object */;
}
